
Microsoft Visual Studio Solution File, Format Version 12.00
# Visual Studio Version 17
VisualStudioVersion = 17.7.34031.279
MinimumVisualStudioVersion = 10.0.40219.1
Project("{FAE04EC0-301F-11D3-BF4B-00C04F79EFBC}") = "CatalinProiect2", "CatalinProiect2\CatalinProiect2.csproj", "{8504112A-83E3-4320-955E-4D42591CE6AF}"
EndProject
Global
	GlobalSection(SolutionConfigurationPlatforms) = preSolution
		Debug|Any CPU = Debug|Any CPU
		Release|Any CPU = Release|Any CPU
	EndGlobalSection
	GlobalSection(ProjectConfigurationPlatforms) = postSolution
		{8504112A-83E3-4320-955E-4D42591CE6AF}.Debug|Any CPU.ActiveCfg = Debug|Any CPU
		{8504112A-83E3-4320-955E-4D42591CE6AF}.Debug|Any CPU.Build.0 = Debug|Any CPU
		{8504112A-83E3-4320-955E-4D42591CE6AF}.Release|Any CPU.ActiveCfg = Release|Any CPU
		{8504112A-83E3-4320-955E-4D42591CE6AF}.Release|Any CPU.Build.0 = Release|Any CPU
	EndGlobalSection
	GlobalSection(SolutionProperties) = preSolution
		HideSolutionNode = FALSE
	EndGlobalSection
	GlobalSection(ExtensibilityGlobals) = postSolution
		SolutionGuid = {DB3CBE51-6873-4901-B7C8-8F8F91964324}
	EndGlobalSection
EndGlobal
